{
  "name": "dev-test-project",
  "lockfileVersion": 3,
  "requires": true,
  "packages": {
    "": {
      "devDependencies": {
        "@grafbase/sdk": "^0.7.1",
        "grafbase": "^0.38.0"
      }
    },
    "node_modules/@grafbase/cli-aarch64-apple-darwin": {
      "version": "0.38.0",
      "resolved": "https://registry.npmjs.org/@grafbase/cli-aarch64-apple-darwin/-/cli-aarch64-apple-darwin-0.38.0.tgz",
      "integrity": "sha512-+fRdGiZLjv+mtDXIOJlAZdiUwIEs5jxJR4Z+lJjkRXRwT6JpJKOpjPi9TmM9q4sNu+rzknoPGedVSTzn32h7qQ==",
      "cpu": [
        "arm64"
      ],
      "dev": true,
      "optional": true,
      "os": [
        "darwin"
      ]
    },
    "node_modules/@grafbase/cli-aarch64-unknown-linux-musl": {
      "version": "0.38.0",
      "resolved": "https://registry.npmjs.org/@grafbase/cli-aarch64-unknown-linux-musl/-/cli-aarch64-unknown-linux-musl-0.38.0.tgz",
      "integrity": "sha512-YfRruo0oG+NSHSJkUKZTIJyK9DH+zmhsmD3+BI+le2tduzC+W8VOBE9tF0moPRyElOmsHTbWM3KO7HsvWdoBsg==",
      "cpu": [
        "arm64"
      ],
      "dev": true,
      "optional": true,
      "os": [
        "linux"
      ]
    },
    "node_modules/@grafbase/cli-x86_64-apple-darwin": {
      "version": "0.38.0",
      "resolved": "https://registry.npmjs.org/@grafbase/cli-x86_64-apple-darwin/-/cli-x86_64-apple-darwin-0.38.0.tgz",
      "integrity": "sha512-lGjRIKOA7CSYzlhPQUGFyonsTmktoAVLEzexrHyf9BEC24Vy8nkhC/ld/4/74Duj5HJfEa6YYtDUOz0/LwAUjQ==",
      "cpu": [
        "x64"
      ],
      "dev": true,
      "optional": true,
      "os": [
        "darwin"
      ]
    },
    "node_modules/@grafbase/cli-x86_64-pc-windows-msvc": {
      "version": "0.38.0",
      "resolved": "https://registry.npmjs.org/@grafbase/cli-x86_64-pc-windows-msvc/-/cli-x86_64-pc-windows-msvc-0.38.0.tgz",
      "integrity": "sha512-twGJVWsZcgyMPXhx5FiK9XPrBQbMUzX1GD/jj6xTFRIaSbepsw0e0/uafZVoFFPClYNuw5st/cQgExArSsz6xg==",
      "cpu": [
        "x64"
      ],
      "dev": true,
      "optional": true,
      "os": [
        "win32"
      ]
    },
    "node_modules/@grafbase/cli-x86_64-unknown-linux-musl": {
      "version": "0.38.0",
      "resolved": "https://registry.npmjs.org/@grafbase/cli-x86_64-unknown-linux-musl/-/cli-x86_64-unknown-linux-musl-0.38.0.tgz",
      "integrity": "sha512-pA0Fqbh2HP14rN7GCoK7uh9OK/tAhJjerIauXlUdA4VbLhLuzEaXrphXza848ofB4K8sT1hLVkrsewDjzqsUTg==",
      "cpu": [
        "x64"
      ],
      "dev": true,
      "optional": true,
      "os": [
        "linux"
      ]
    },
    "node_modules/@grafbase/sdk": {
      "version": "0.7.1",
      "resolved": "https://registry.npmjs.org/@grafbase/sdk/-/sdk-0.7.1.tgz",
      "integrity": "sha512-1Exm1NkySsodyO0VHsefiKEi+f7BgpBMiM7aad7YpXuSc9sATN67klGEnomxy+CpG70G9vca02l+B1dlirDYRg==",
      "dev": true,
      "dependencies": {
        "dotenv": "^16.1.4",
        "type-fest": "^3.9.0"
      },
      "engines": {
        "node": ">=16.13.0"
      }
    },
    "node_modules/dotenv": {
      "version": "16.3.1",
      "resolved": "https://registry.npmjs.org/dotenv/-/dotenv-16.3.1.tgz",
      "integrity": "sha512-IPzF4w4/Rd94bA9imS68tZBaYyBWSCE47V1RGuMrB94iyTOIEwRmVL2x/4An+6mETpLrKJ5hQkB8W4kFAadeIQ==",
      "dev": true,
      "engines": {
        "node": ">=12"
      },
      "funding": {
        "url": "https://github.com/motdotla/dotenv?sponsor=1"
      }
    },
    "node_modules/grafbase": {
      "version": "0.38.0",
      "resolved": "https://registry.npmjs.org/grafbase/-/grafbase-0.38.0.tgz",
      "integrity": "sha512-5E8i9FT+S5EmFRAQun9DIPBjB+LJ87DoCdiZA215sN/YdjsOtxokM9JAbXGWmeLH5BBG6gmORg8VXngpg7hhTg==",
      "dev": true,
      "hasInstallScript": true,
      "bin": {
        "gb": "grafbase",
        "grafbase": "grafbase"
      },
      "optionalDependencies": {
        "@grafbase/cli-aarch64-apple-darwin": "^0.38.0",
        "@grafbase/cli-aarch64-unknown-linux-musl": "^0.38.0",
        "@grafbase/cli-x86_64-apple-darwin": "^0.38.0",
        "@grafbase/cli-x86_64-pc-windows-msvc": "^0.38.0",
        "@grafbase/cli-x86_64-unknown-linux-musl": "^0.38.0"
      }
    },
    "node_modules/type-fest": {
      "version": "3.12.0",
      "resolved": "https://registry.npmjs.org/type-fest/-/type-fest-3.12.0.tgz",
      "integrity": "sha512-qj9wWsnFvVEMUDbESiilKeXeHL7FwwiFcogfhfyjmvT968RXSvnl23f1JOClTHYItsi7o501C/7qVllscUP3oA==",
      "dev": true,
      "engines": {
        "node": ">=14.16"
      },
      "funding": {
        "url": "https://github.com/sponsors/sindresorhus"
      }
    }
  }
}
