{
  "name": "dev-test-project2",
  "lockfileVersion": 3,
  "requires": true,
  "packages": {
    "": {
      "devDependencies": {
        "@grafbase/sdk": "^0.11.0",
        "grafbase": "^0.47.0"
      }
    },
    "node_modules/@grafbase/cli-aarch64-apple-darwin": {
      "version": "0.47.0",
      "resolved": "https://registry.npmjs.org/@grafbase/cli-aarch64-apple-darwin/-/cli-aarch64-apple-darwin-0.47.0.tgz",
      "integrity": "sha512-/iOWYZwDhGLsBaomkziqAyIfwcL89dYOdj7v2s2ZpNjJy/liTXqkLsBxoD5PuFOFew9LQk/4z/D1idA+LAlIdQ==",
      "cpu": [
        "arm64"
      ],
      "dev": true,
      "optional": true,
      "os": [
        "darwin"
      ]
    },
    "node_modules/@grafbase/cli-aarch64-unknown-linux-musl": {
      "version": "0.47.0",
      "resolved": "https://registry.npmjs.org/@grafbase/cli-aarch64-unknown-linux-musl/-/cli-aarch64-unknown-linux-musl-0.47.0.tgz",
      "integrity": "sha512-tCnsktHKvVRFPbw8XRQtqZbIpS1FklTqGLIcE2BWugIvoZQp+JQfw3JW/MAjwAUqOjASqootwt8xAdGar6OjWw==",
      "cpu": [
        "arm64"
      ],
      "dev": true,
      "optional": true,
      "os": [
        "linux"
      ]
    },
    "node_modules/@grafbase/cli-x86_64-apple-darwin": {
      "version": "0.47.0",
      "resolved": "https://registry.npmjs.org/@grafbase/cli-x86_64-apple-darwin/-/cli-x86_64-apple-darwin-0.47.0.tgz",
      "integrity": "sha512-BghFXrQqT67nLHP8G09e2UNcFK3tu8KTK5ACipBEfncsrFszNonqpCYY3vuGXw5NEo/7l7Oo1KDmj/THpMZ3Cw==",
      "cpu": [
        "x64"
      ],
      "dev": true,
      "optional": true,
      "os": [
        "darwin"
      ]
    },
    "node_modules/@grafbase/cli-x86_64-pc-windows-msvc": {
      "version": "0.47.0",
      "resolved": "https://registry.npmjs.org/@grafbase/cli-x86_64-pc-windows-msvc/-/cli-x86_64-pc-windows-msvc-0.47.0.tgz",
      "integrity": "sha512-rGRR0/dFvNlCGrCp/4DyqSJm+Pq+4p9i1tQGDR84/k6ttZjPdeFUjzcla79t8/i4KrztJTnKWwdjhjZGaULspw==",
      "cpu": [
        "x64"
      ],
      "dev": true,
      "optional": true,
      "os": [
        "win32"
      ]
    },
    "node_modules/@grafbase/cli-x86_64-unknown-linux-musl": {
      "version": "0.47.0",
      "resolved": "https://registry.npmjs.org/@grafbase/cli-x86_64-unknown-linux-musl/-/cli-x86_64-unknown-linux-musl-0.47.0.tgz",
      "integrity": "sha512-vfQs4LOEiwLWoIsEhb1Cb/yi9924fRL2EQJo9Jsn6fVyu0sMP7OKl9Hdlwu/tunBfCFlsQwVuu0bBDH4L9yJcQ==",
      "cpu": [
        "x64"
      ],
      "dev": true,
      "optional": true,
      "os": [
        "linux"
      ]
    },
    "node_modules/@grafbase/sdk": {
      "version": "0.11.0",
      "resolved": "https://registry.npmjs.org/@grafbase/sdk/-/sdk-0.11.0.tgz",
      "integrity": "sha512-qdOsu+C0530AMXuoKlh0CXryHGdafTr/66LwpR9Yx/Iv7olISnMgQCFQE8WW3sXh1DkplxJ6zKJEvPDAb4sHOQ==",
      "dev": true,
      "dependencies": {
        "dotenv": "^16.1.4",
        "type-fest": "^3.9.0"
      },
      "engines": {
        "node": ">=16.13.0"
      }
    },
    "node_modules/dotenv": {
      "version": "16.3.1",
      "resolved": "https://registry.npmjs.org/dotenv/-/dotenv-16.3.1.tgz",
      "integrity": "sha512-IPzF4w4/Rd94bA9imS68tZBaYyBWSCE47V1RGuMrB94iyTOIEwRmVL2x/4An+6mETpLrKJ5hQkB8W4kFAadeIQ==",
      "dev": true,
      "engines": {
        "node": ">=12"
      },
      "funding": {
        "url": "https://github.com/motdotla/dotenv?sponsor=1"
      }
    },
    "node_modules/grafbase": {
      "version": "0.47.0",
      "resolved": "https://registry.npmjs.org/grafbase/-/grafbase-0.47.0.tgz",
      "integrity": "sha512-H2AleBx9SyBK9FeibaMa0U0/3U8CZZHPwhjgFOuvnm8e2rGU3kyAozzrgdRVhsQkryXDBTFqh0KF6EdjsUlH2g==",
      "dev": true,
      "hasInstallScript": true,
      "bin": {
        "gb": "grafbase",
        "grafbase": "grafbase"
      },
      "optionalDependencies": {
        "@grafbase/cli-aarch64-apple-darwin": "^0.47.0",
        "@grafbase/cli-aarch64-unknown-linux-musl": "^0.47.0",
        "@grafbase/cli-x86_64-apple-darwin": "^0.47.0",
        "@grafbase/cli-x86_64-pc-windows-msvc": "^0.47.0",
        "@grafbase/cli-x86_64-unknown-linux-musl": "^0.47.0"
      }
    },
    "node_modules/type-fest": {
      "version": "3.12.0",
      "resolved": "https://registry.npmjs.org/type-fest/-/type-fest-3.12.0.tgz",
      "integrity": "sha512-qj9wWsnFvVEMUDbESiilKeXeHL7FwwiFcogfhfyjmvT968RXSvnl23f1JOClTHYItsi7o501C/7qVllscUP3oA==",
      "dev": true,
      "engines": {
        "node": ">=14.16"
      },
      "funding": {
        "url": "https://github.com/sponsors/sindresorhus"
      }
    }
  }
}
